// !$*UTF8*$!
{
	archiveVersion = 1;
	classes = {
	};
	objectVersion = 46;
	objects = {

/* Begin PBXBuildFile section */
		A06276A11F0955E3003D0580 /* AppDelegate.swift in Sources */ = {isa = PBXBuildFile; fileRef = A06276A01F0955E3003D0580 /* AppDelegate.swift */; };
		A06276A31F0955E3003D0580 /* ViewController.swift in Sources */ = {isa = PBXBuildFile; fileRef = A06276A21F0955E3003D0580 /* ViewController.swift */; };
		A06276A61F0955E3003D0580 /* Main.storyboard in Resources */ = {isa = PBXBuildFile; fileRef = A06276A41F0955E3003D0580 /* Main.storyboard */; };
		A06276A81F0955E3003D0580 /* Assets.xcassets in Resources */ = {isa = PBXBuildFile; fileRef = A06276A71F0955E3003D0580 /* Assets.xcassets */; };
		A06276AB1F0955E3003D0580 /* LaunchScreen.storyboard in Resources */ = {isa = PBXBuildFile; fileRef = A06276A91F0955E3003D0580 /* LaunchScreen.storyboard */; };
		A0D5FA9E1F1E6EA000734C7A /* AllCardTableViewController.swift in Sources */ = {isa = PBXBuildFile; fileRef = A0D5FA9D1F1E6EA000734C7A /* AllCardTableViewController.swift */; };
/* End PBXBuildFile section */

/* Begin PBXFileReference section */
		A062769D1F0955E3003D0580 /* PasswordNote.app */ = {isa = PBXFileReference; explicitFileType = wrapper.application; includeInIndex = 0; path = PasswordNote.app; sourceTree = BUILT_PRODUCTS_DIR; };
		A06276A01F0955E3003D0580 /* AppDelegate.swift */ = {isa = PBXFileReference; lastKnownFileType = sourcecode.swift; path = AppDelegate.swift; sourceTree = "<group>"; };
		A06276A21F0955E3003D0580 /* ViewController.swift */ = {isa = PBXFileReference; lastKnownFileType = sourcecode.swift; path = ViewController.swift; sourceTree = "<group>"; };
		A06276A51F0955E3003D0580 /* Base */ = {isa = PBXFileReference; lastKnownFileType = file.storyboard; name = Base; path = Base.lproj/Main.storyboard; sourceTree = "<group>"; };
		A06276A71F0955E3003D0580 /* Assets.xcassets */ = {isa = PBXFileReference; lastKnownFileType = folder.assetcatalog; path = Assets.xcassets; sourceTree = "<group>"; };
		A06276AA1F0955E3003D0580 /* Base */ = {isa = PBXFileReference; lastKnownFileType = file.storyboard; name = Base; path = Base.lproj/LaunchScreen.storyboard; sourceTree = "<group>"; };
		A06276AC1F0955E3003D0580 /* Info.plist */ = {isa = PBXFileReference; lastKnownFileType = text.plist.xml; path = Info.plist; sourceTree = "<group>"; };
		A0D5FA9D1F1E6EA000734C7A /* AllCardTableViewController.swift */ = {isa = PBXFileReference; lastKnownFileType = sourcecode.swift; path = AllCardTableViewController.swift; sourceTree = "<group>"; };
/* End PBXFileReference section */

/* Begin PBXFrameworksBuildPhase section */
		A062769A1F0955E3003D0580 /* Frameworks */ = {
			isa = PBXFrameworksBuildPhase;
			buildActionMask = 2147483647;
			files = (
			);
			runOnlyForDeploymentPostprocessing = 0;
		};
/* End PBXFrameworksBuildPhase section */

/* Begin PBXGroup section */
		A06276941F0955E3003D0580 = {
			isa = PBXGroup;
			children = (
				A062769F1F0955E3003D0580 /* PasswordNote */,
				A062769E1F0955E3003D0580 /* Products */,
			);
			sourceTree = "<group>";
		};
		A062769E1F0955E3003D0580 /* Products */ = {
			isa = PBXGroup;
			children = (
				A062769D1F0955E3003D0580 /* PasswordNote.app */,
			);
			name = Products;
			sourceTree = "<group>";
		};
		A062769F1F0955E3003D0580 /* PasswordNote */ = {
			isa = PBXGroup;
			children = (
				A06276A01F0955E3003D0580 /* AppDelegate.swift */,
				A06276A21F0955E3003D0580 /* ViewController.swift */,
				A0D5FA9D1F1E6EA000734C7A /* AllCardTableViewController.swift */,
				A06276A41F0955E3003D0580 /* Main.storyboard */,
				A06276A71F0955E3003D0580 /* Assets.xcassets */,
				A06276A91F0955E3003D0580 /* LaunchScreen.storyboard */,
				A06276AC1F0955E3003D0580 /* Info.plist */,
			);
			path = PasswordNote;
			sourceTree = "<group>";
		};
/* End PBXGroup section */

/* Begin PBXNativeTarget section */
		A062769C1F0955E3003D0580 /* PasswordNote */ = {
			isa = PBXNativeTarget;
			buildConfigurationList = A06276AF1F0955E3003D0580 /* Build configuration list for PBXNativeTarget "PasswordNote" */;
			buildPhases = (
				A06276991F0955E3003D0580 /* Sources */,
				A062769A1F0955E3003D0580 /* Frameworks */,
				A062769B1F0955E3003D0580 /* Resources */,
			);
			buildRules = (
			);
			dependencies = (
			);
			name = PasswordNote;
			productName = PasswordNote;
			productReference = A062769D1F0955E3003D0580 /* PasswordNote.app */;
			productType = "com.apple.product-type.application";
		};
/* End PBXNativeTarget section */

/* Begin PBXProject section */
		A06276951F0955E3003D0580 /* Project object */ = {
			isa = PBXProject;
			attributes = {
				LastSwiftUpdateCheck = 0830;
				LastUpgradeCheck = 0830;
				ORGANIZATIONNAME = "郑鸿川";
				TargetAttributes = {
					A062769C1F0955E3003D0580 = {
						CreatedOnToolsVersion = 8.3.3;
						DevelopmentTeam = 5DB28TBQU6;
						ProvisioningStyle = Automatic;
					};
				};
			};
			buildConfigurationList = A06276981F0955E3003D0580 /* Build configuration list for PBXProject "PasswordNote" */;
			compatibilityVersion = "Xcode 3.2";
			developmentRegion = English;
			hasScannedForEncodings = 0;
			knownRegions = (
				en,
				Base,
			);
			mainGroup = A06276941F0955E3003D0580;
			productRefGroup = A062769E1F0955E3003D0580 /* Products */;
			projectDirPath = "";
			projectRoot = "";
			targets = (
				A062769C1F0955E3003D0580 /* PasswordNote */,
			);
		};
/* End PBXProject section */

/* Begin PBXResourcesBuildPhase section */
		A062769B1F0955E3003D0580 /* Resources */ = {
			isa = PBXResourcesBuildPhase;
			buildActionMask = 2147483647;
			files = (
				A06276AB1F0955E3003D0580 /* LaunchScreen.storyboard in Resources */,
				A06276A81F0955E3003D0580 /* Assets.xcassets in Resources */,
				A06276A61F0955E3003D0580 /* Main.storyboard in Resources */,
			);
			runOnlyForDeploymentPostprocessing = 0;
		};
/* End PBXResourcesBuildPhase section */

/* Begin PBXSourcesBuildPhase section */
		A06276991F0955E3003D0580 /* Sources */ = {
			isa = PBXSourcesBuildPhase;
			buildActionMask = 2147483647;
			files = (
				A0D5FA9E1F1E6EA000734C7A /* AllCardTableViewController.swift in Sources */,
				A06276A31F0955E3003D0580 /* ViewController.swift in Sources */,
				A06276A11F0955E3003D0580 /* AppDelegate.swift in Sources */,
			);
			runOnlyForDeploymentPostprocessing = 0;
		};
/* End PBXSourcesBuildPhase section */

/* Begin PBXVariantGroup section */
		A06276A41F0955E3003D0580 /* Main.storyboard */ = {
			isa = PBXVariantGroup;
			children = (
				A06276A51F0955E3003D0580 /* Base */,
			);
			name = Main.storyboard;
			sourceTree = "<group>";
		};
		A06276A91F0955E3003D0580 /* LaunchScreen.storyboard */ = {
			isa = PBXVariantGroup;
			children = (
				A06276AA1F0955E3003D0580 /* Base */,
			);
			name = LaunchScreen.storyboard;
			sourceTree = "<group>";
		};
/* End PBXVariantGroup section */

/* Begin XCBuildConfiguration section */
		A06276AD1F0955E3003D0580 /* Debug */ = {
			isa = XCBuildConfiguration;
			buildSettings = {
				ALWAYS_SEARCH_USER_PATHS = NO;
				CLANG_ANALYZER_NONNULL = YES;
				CLANG_ANALYZER_NUMBER_OBJECT_CONVERSION = YES_AGGRESSIVE;
				CLANG_CXX_LANGUAGE_STANDARD = "gnu++0x";
				CLANG_CXX_LIBRARY = "libc++";
				CLANG_ENABLE_MODULES = YES;
				CLANG_ENABLE_OBJC_ARC = YES;
				CLANG_WARN_BOOL_CONVERSION = YES;
				CLANG_WARN_CONSTANT_CONVERSION = YES;
				CLANG_WARN_DIRECT_OBJC_ISA_USAGE = YES_ERROR;
				CLANG_WARN_DOCUMENTATION_COMMENTS = YES;
				CLANG_WARN_EMPTY_BODY = YES;
				CLANG_WARN_ENUM_CONVERSION = YES;
				CLANG_WARN_INFINITE_RECURSION = YES;
				CLANG_WARN_INT_CONVERSION = YES;
				CLANG_WARN_OBJC_ROOT_CLASS = YES_ERROR;
				CLANG_WARN_SUSPICIOUS_MOVE = YES;
				CLANG_WARN_UNREACHABLE_CODE = YES;
				CLANG_WARN__DUPLICATE_METHOD_MATCH = YES;
				"CODE_SIGN_IDENTITY[sdk=iphoneos*]" = "iPhone Developer";
				COPY_PHASE_STRIP = NO;
				DEBUG_INFORMATION_FORMAT = dwarf;
				ENABLE_STRICT_OBJC_MSGSEND = YES;
				ENABLE_TESTABILITY = YES;
				GCC_C_LANGUAGE_STANDARD = gnu99;
				GCC_DYNAMIC_NO_PIC = NO;
				GCC_NO_COMMON_BLOCKS = YES;
				GCC_OPTIMIZATION_LEVEL = 0;
				GCC_PREPROCESSOR_DEFINITIONS = (
					"DEBUG=1",
					"$(inherited)",
				);
				GCC_WARN_64_TO_32_BIT_CONVERSION = YES;
				GCC_WARN_ABOUT_RETURN_TYPE = YES_ERROR;
				GCC_WARN_UNDECLARED_SELECTOR = YES;
				GCC_WARN_UNINITIALIZED_AUTOS = YES_AGGRESSIVE;
				GCC_WARN_UNUSED_FUNCTION = YES;
				GCC_WARN_UNUSED_VARIABLE = YES;
				IPHONEOS_DEPLOYMENT_TARGET = 10.3;
				MTL_ENABLE_DEBUG_INFO = YES;
				ONLY_ACTIVE_ARCH = YES;
				SDKROOT = iphoneos;
				SWIFT_ACTIVE_COMPILATION_CONDITIONS = DEBUG;
				SWIFT_OPTIMIZATION_LEVEL = "-Onone";
				TARGETED_DEVICE_FAMILY = "1,2";
			};
			name = Debug;
		};
		A06276AE1F0955E3003D0580 /* Release */ = {
			isa = XCBuildConfiguration;
			buildSettings = {
				ALWAYS_SEARCH_USER_PATHS = NO;
				CLANG_ANALYZER_NONNULL = YES;
				CLANG_ANALYZER_NUMBER_OBJECT_CONVERSION = YES_AGGRESSIVE;
				CLANG_CXX_LANGUAGE_STANDARD = "gnu++0x";
				CLANG_CXX_LIBRARY = "libc++";
				CLANG_ENABLE_MODULES = YES;
				CLANG_ENABLE_OBJC_ARC = YES;
				CLANG_WARN_BOOL_CONVERSION = YES;
				CLANG_WARN_CONSTANT_CONVERSION = YES;
				CLANG_WARN_DIRECT_OBJC_ISA_USAGE = YES_ERROR;
				CLANG_WARN_DOCUMENTATION_COMMENTS = YES;
				CLANG_WARN_EMPTY_BODY = YES;
				CLANG_WARN_ENUM_CONVERSION = YES;
				CLANG_WARN_INFINITE_RECURSION = YES;
				CLANG_WARN_INT_CONVERSION = YES;
				CLANG_WARN_OBJC_ROOT_CLASS = YES_ERROR;
				CLANG_WARN_SUSPICIOUS_MOVE = YES;
				CLANG_WARN_UNREACHABLE_CODE = YES;
				CLANG_WARN__DUPLICATE_METHOD_MATCH = YES;
				"CODE_SIGN_IDENTITY[sdk=iphoneos*]" = "iPhone Developer";
				COPY_PHASE_STRIP = NO;
				DEBUG_INFORMATION_FORMAT = "dwarf-with-dsym";
				ENABLE_NS_ASSERTIONS = NO;
				ENABLE_STRICT_OBJC_MSGSEND = YES;
				GCC_C_LANGUAGE_STANDARD = gnu99;
				GCC_NO_COMMON_BLOCKS = YES;
				GCC_WARN_64_TO_32_BIT_CONVERSION = YES;
				GCC_WARN_ABOUT_RETURN_TYPE = YES_ERROR;
				GCC_WARN_UNDECLARED_SELECTOR = YES;
				GCC_WARN_UNINITIALIZED_AUTOS = YES_AGGRESSIVE;
				GCC_WARN_UNUSED_FUNCTION = YES;
				GCC_WARN_UNUSED_VARIABLE = YES;
				IPHONEOS_DEPLOYMENT_TARGET = 10.3;
				MTL_ENABLE_DEBUG_INFO = NO;
				SDKROOT = iphoneos;
				SWIFT_OPTIMIZATION_LEVEL = "-Owholemodule";
				TARGETED_DEVICE_FAMILY = "1,2";
				VALIDATE_PRODUCT = YES;
			};
			name = Release;
		};
		A06276B01F0955E3003D0580 /* Debug */ = {
			isa = XCBuildConfiguration;
			buildSettings = {
				ASSETCATALOG_COMPILER_APPICON_NAME = AppIcon;
				DEVELOPMENT_TEAM = 5DB28TBQU6;
				INFOPLIST_FILE = PasswordNote/Info.plist;
				LD_RUNPATH_SEARCH_PATHS = "$(inherited) @executable_path/Frameworks";
				PRODUCT_BUNDLE_IDENTIFIER = ZHC.PasswordNote;
				PRODUCT_NAME = "$(TARGET_NAME)";
				SWIFT_VERSION = 3.0;
			};
			name = Debug;
		};
		A06276B11F0955E3003D0580 /* Release */ = {
			isa = XCBuildConfiguration;
			buildSettings = {
				ASSETCATALOG_COMPILER_APPICON_NAME = AppIcon;
				DEVELOPMENT_TEAM = 5DB28TBQU6;
				INFOPLIST_FILE = PasswordNote/Info.plist;
				LD_RUNPATH_SEARCH_PATHS = "$(inherited) @executable_path/Frameworks";
				PRODUCT_BUNDLE_IDENTIFIER = ZHC.PasswordNote;
				PRODUCT_NAME = "$(TARGET_NAME)";
				SWIFT_VERSION = 3.0;
			};
			name = Release;
		};
/* End XCBuildConfiguration section */

/* Begin XCConfigurationList section */
		A06276981F0955E3003D0580 /* Build configuration list for PBXProject "PasswordNote" */ = {
			isa = XCConfigurationList;
			buildConfigurations = (
				A06276AD1F0955E3003D0580 /* Debug */,
				A06276AE1F0955E3003D0580 /* Release */,
			);
			defaultConfigurationIsVisible = 0;
			defaultConfigurationName = Release;
		};
		A06276AF1F0955E3003D0580 /* Build configuration list for PBXNativeTarget "PasswordNote" */ = {
			isa = XCConfigurationList;
			buildConfigurations = (
				A06276B01F0955E3003D0580 /* Debug */,
				A06276B11F0955E3003D0580 /* Release */,
			);
			defaultConfigurationIsVisible = 0;
			defaultConfigurationName = Release;
		};
/* End XCConfigurationList section */
	};
	rootObject = A06276951F0955E3003D0580 /* Project object */;
}
